
Microsoft Visual Studio Solution File, Format Version 12.00
# Visual Studio Version 16
VisualStudioVersion = 16.0.31129.286
MinimumVisualStudioVersion = 10.0.40219.1
Project("{2150E333-8FDC-42A3-9474-1A3956D46DE8}") = "src", "src", "{6A56123F-BAFC-4C83-9292-C423D912278E}"
EndProject
Project("{2150E333-8FDC-42A3-9474-1A3956D46DE8}") = "Services", "Services", "{A97AC6AC-A4FB-4442-A0A9-1F35211B991C}"
EndProject
Project("{2150E333-8FDC-42A3-9474-1A3956D46DE8}") = "Identity", "Identity", "{CD54DCCE-AD78-43A9-9660-EFD0958EBB5A}"
EndProject
Project("{9A19103F-16F7-4668-BE54-9A1E7A4F7556}") = "IdentityServer", "src\Services\Identity\IdentityServer\IdentityServer.csproj", "{78EFA6F5-CE3E-49FB-97D3-22CF30441C7A}"
EndProject
Project("{E53339B2-1760-4266-BCC7-CA923CBCF16C}") = "docker-compose", "docker-compose.dcproj", "{ABCC14E2-A925-4D70-9100-5CD81A8EE2C4}"
EndProject
Project("{2150E333-8FDC-42A3-9474-1A3956D46DE8}") = "ApiClient_1", "ApiClient_1", "{8E7394F2-CF9F-446D-9E2A-2E3A2C77E469}"
EndProject
Project("{2150E333-8FDC-42A3-9474-1A3956D46DE8}") = "ApiClient_2", "ApiClient_2", "{4C07906F-C5D1-400A-820C-948B0BD90921}"
EndProject
Project("{9A19103F-16F7-4668-BE54-9A1E7A4F7556}") = "ApiClient1", "src\Services\ApiClient_1\ApiClient1\ApiClient1.csproj", "{85CAFADD-5A12-43D1-B785-34767816C3BF}"
EndProject
Project("{9A19103F-16F7-4668-BE54-9A1E7A4F7556}") = "ApiClient2", "src\Services\ApiClient_2\ApiClient2\ApiClient2.csproj", "{81EC0C73-511C-4B42-A0AD-3E76537E81FC}"
EndProject
Project("{2150E333-8FDC-42A3-9474-1A3956D46DE8}") = "Web", "Web", "{F74B337D-E498-4CD3-A1C0-6623DF5A4106}"
EndProject
Project("{2150E333-8FDC-42A3-9474-1A3956D46DE8}") = "WebClient_1", "WebClient_1", "{B4D4DD32-671C-4ACE-9FC6-B55597FA57C2}"
EndProject
Project("{2150E333-8FDC-42A3-9474-1A3956D46DE8}") = "WebClient_2", "WebClient_2", "{E7B2DA34-D7B1-4411-8F7E-B2EAF3C1BC8E}"
EndProject
Project("{9A19103F-16F7-4668-BE54-9A1E7A4F7556}") = "WebClient1", "src\Web\WebClient_1\WebClient1\WebClient1.csproj", "{33687496-369C-444C-B101-C715551E3C25}"
EndProject
Project("{9A19103F-16F7-4668-BE54-9A1E7A4F7556}") = "WebClient2", "src\Web\WebClient_2\WebClient2\WebClient2.csproj", "{8E4F6FBC-38BD-4E70-9B87-F9E738D14099}"
EndProject
Project("{2150E333-8FDC-42A3-9474-1A3956D46DE8}") = "HealthCheckUI", "HealthCheckUI", "{33DA5412-E8AC-4479-9434-962DEEF6991E}"
EndProject
Project("{FAE04EC0-301F-11D3-BF4B-00C04F79EFBC}") = "HealthCheckUI", "src\Web\HealthCheckUI\HealthCheckUI\HealthCheckUI.csproj", "{3E74FF01-9E64-48CB-AB4D-D0F398ADD9B2}"
EndProject
Global
	GlobalSection(SolutionConfigurationPlatforms) = preSolution
		Debug|Any CPU = Debug|Any CPU
		Release|Any CPU = Release|Any CPU
	EndGlobalSection
	GlobalSection(ProjectConfigurationPlatforms) = postSolution
		{78EFA6F5-CE3E-49FB-97D3-22CF30441C7A}.Debug|Any CPU.ActiveCfg = Debug|Any CPU
		{78EFA6F5-CE3E-49FB-97D3-22CF30441C7A}.Debug|Any CPU.Build.0 = Debug|Any CPU
		{78EFA6F5-CE3E-49FB-97D3-22CF30441C7A}.Release|Any CPU.ActiveCfg = Release|Any CPU
		{78EFA6F5-CE3E-49FB-97D3-22CF30441C7A}.Release|Any CPU.Build.0 = Release|Any CPU
		{ABCC14E2-A925-4D70-9100-5CD81A8EE2C4}.Debug|Any CPU.ActiveCfg = Debug|Any CPU
		{ABCC14E2-A925-4D70-9100-5CD81A8EE2C4}.Debug|Any CPU.Build.0 = Debug|Any CPU
		{ABCC14E2-A925-4D70-9100-5CD81A8EE2C4}.Release|Any CPU.ActiveCfg = Release|Any CPU
		{ABCC14E2-A925-4D70-9100-5CD81A8EE2C4}.Release|Any CPU.Build.0 = Release|Any CPU
		{85CAFADD-5A12-43D1-B785-34767816C3BF}.Debug|Any CPU.ActiveCfg = Debug|Any CPU
		{85CAFADD-5A12-43D1-B785-34767816C3BF}.Debug|Any CPU.Build.0 = Debug|Any CPU
		{85CAFADD-5A12-43D1-B785-34767816C3BF}.Release|Any CPU.ActiveCfg = Release|Any CPU
		{85CAFADD-5A12-43D1-B785-34767816C3BF}.Release|Any CPU.Build.0 = Release|Any CPU
		{81EC0C73-511C-4B42-A0AD-3E76537E81FC}.Debug|Any CPU.ActiveCfg = Debug|Any CPU
		{81EC0C73-511C-4B42-A0AD-3E76537E81FC}.Debug|Any CPU.Build.0 = Debug|Any CPU
		{81EC0C73-511C-4B42-A0AD-3E76537E81FC}.Release|Any CPU.ActiveCfg = Release|Any CPU
		{81EC0C73-511C-4B42-A0AD-3E76537E81FC}.Release|Any CPU.Build.0 = Release|Any CPU
		{33687496-369C-444C-B101-C715551E3C25}.Debug|Any CPU.ActiveCfg = Debug|Any CPU
		{33687496-369C-444C-B101-C715551E3C25}.Debug|Any CPU.Build.0 = Debug|Any CPU
		{33687496-369C-444C-B101-C715551E3C25}.Release|Any CPU.ActiveCfg = Release|Any CPU
		{33687496-369C-444C-B101-C715551E3C25}.Release|Any CPU.Build.0 = Release|Any CPU
		{8E4F6FBC-38BD-4E70-9B87-F9E738D14099}.Debug|Any CPU.ActiveCfg = Debug|Any CPU
		{8E4F6FBC-38BD-4E70-9B87-F9E738D14099}.Debug|Any CPU.Build.0 = Debug|Any CPU
		{8E4F6FBC-38BD-4E70-9B87-F9E738D14099}.Release|Any CPU.ActiveCfg = Release|Any CPU
		{8E4F6FBC-38BD-4E70-9B87-F9E738D14099}.Release|Any CPU.Build.0 = Release|Any CPU
		{3E74FF01-9E64-48CB-AB4D-D0F398ADD9B2}.Debug|Any CPU.ActiveCfg = Debug|Any CPU
		{3E74FF01-9E64-48CB-AB4D-D0F398ADD9B2}.Debug|Any CPU.Build.0 = Debug|Any CPU
		{3E74FF01-9E64-48CB-AB4D-D0F398ADD9B2}.Release|Any CPU.ActiveCfg = Release|Any CPU
		{3E74FF01-9E64-48CB-AB4D-D0F398ADD9B2}.Release|Any CPU.Build.0 = Release|Any CPU
	EndGlobalSection
	GlobalSection(SolutionProperties) = preSolution
		HideSolutionNode = FALSE
	EndGlobalSection
	GlobalSection(NestedProjects) = preSolution
		{A97AC6AC-A4FB-4442-A0A9-1F35211B991C} = {6A56123F-BAFC-4C83-9292-C423D912278E}
		{CD54DCCE-AD78-43A9-9660-EFD0958EBB5A} = {A97AC6AC-A4FB-4442-A0A9-1F35211B991C}
		{78EFA6F5-CE3E-49FB-97D3-22CF30441C7A} = {CD54DCCE-AD78-43A9-9660-EFD0958EBB5A}
		{8E7394F2-CF9F-446D-9E2A-2E3A2C77E469} = {A97AC6AC-A4FB-4442-A0A9-1F35211B991C}
		{4C07906F-C5D1-400A-820C-948B0BD90921} = {A97AC6AC-A4FB-4442-A0A9-1F35211B991C}
		{85CAFADD-5A12-43D1-B785-34767816C3BF} = {8E7394F2-CF9F-446D-9E2A-2E3A2C77E469}
		{81EC0C73-511C-4B42-A0AD-3E76537E81FC} = {4C07906F-C5D1-400A-820C-948B0BD90921}
		{F74B337D-E498-4CD3-A1C0-6623DF5A4106} = {6A56123F-BAFC-4C83-9292-C423D912278E}
		{B4D4DD32-671C-4ACE-9FC6-B55597FA57C2} = {F74B337D-E498-4CD3-A1C0-6623DF5A4106}
		{E7B2DA34-D7B1-4411-8F7E-B2EAF3C1BC8E} = {F74B337D-E498-4CD3-A1C0-6623DF5A4106}
		{33687496-369C-444C-B101-C715551E3C25} = {B4D4DD32-671C-4ACE-9FC6-B55597FA57C2}
		{8E4F6FBC-38BD-4E70-9B87-F9E738D14099} = {E7B2DA34-D7B1-4411-8F7E-B2EAF3C1BC8E}
		{33DA5412-E8AC-4479-9434-962DEEF6991E} = {F74B337D-E498-4CD3-A1C0-6623DF5A4106}
		{3E74FF01-9E64-48CB-AB4D-D0F398ADD9B2} = {33DA5412-E8AC-4479-9434-962DEEF6991E}
	EndGlobalSection
	GlobalSection(ExtensibilityGlobals) = postSolution
		SolutionGuid = {96903748-43DE-461E-9AD6-5018B6C23BD0}
	EndGlobalSection
EndGlobal
